
Microsoft Visual Studio Solution File, Format Version 12.00
# Visual Studio Version 16
VisualStudioVersion = 16.0.32630.194
MinimumVisualStudioVersion = 10.0.40219.1
Project("{9A19103F-16F7-4668-BE54-9A1E7A4F7556}") = "EmployeeDetailApplication", "EmployeeDetailApplication\EmployeeDetailApplication.csproj", "{CDDEAACA-0E10-4A53-A44A-047DDE0C98B4}"
EndProject
Project("{FAE04EC0-301F-11D3-BF4B-00C04F79EFBC}") = "EmployeeDetailApplication.Test", "EmployeeDetailApplication.Test\EmployeeDetailApplication.Test.csproj", "{87A36766-4663-4665-81A2-BA6D0AF9DD3E}"
EndProject
Global
	GlobalSection(SolutionConfigurationPlatforms) = preSolution
		Debug|Any CPU = Debug|Any CPU
		Release|Any CPU = Release|Any CPU
	EndGlobalSection
	GlobalSection(ProjectConfigurationPlatforms) = postSolution
		{CDDEAACA-0E10-4A53-A44A-047DDE0C98B4}.Debug|Any CPU.ActiveCfg = Debug|Any CPU
		{CDDEAACA-0E10-4A53-A44A-047DDE0C98B4}.Debug|Any CPU.Build.0 = Debug|Any CPU
		{CDDEAACA-0E10-4A53-A44A-047DDE0C98B4}.Release|Any CPU.ActiveCfg = Release|Any CPU
		{CDDEAACA-0E10-4A53-A44A-047DDE0C98B4}.Release|Any CPU.Build.0 = Release|Any CPU
		{87A36766-4663-4665-81A2-BA6D0AF9DD3E}.Debug|Any CPU.ActiveCfg = Debug|Any CPU
		{87A36766-4663-4665-81A2-BA6D0AF9DD3E}.Debug|Any CPU.Build.0 = Debug|Any CPU
		{87A36766-4663-4665-81A2-BA6D0AF9DD3E}.Release|Any CPU.ActiveCfg = Release|Any CPU
		{87A36766-4663-4665-81A2-BA6D0AF9DD3E}.Release|Any CPU.Build.0 = Release|Any CPU
	EndGlobalSection
	GlobalSection(SolutionProperties) = preSolution
		HideSolutionNode = FALSE
	EndGlobalSection
	GlobalSection(ExtensibilityGlobals) = postSolution
		SolutionGuid = {8E5AB1BA-661B-493D-9BC4-8C3DEB7BD251}
	EndGlobalSection
EndGlobal
